PODS:
  - BlocksKit/DynamicDelegate (2.2.5)
  - Emitter (0.0.9):
    - BlocksKit/DynamicDelegate
  - Expecta (0.3.1)
  - libextobjc/EXTScope (0.4.1):
    - libextobjc/RuntimeExtensions
  - libextobjc/RuntimeExtensions (0.4.1)
  - NSTimer-Blocks (0.0.1)
  - OCHamcrest (4.0.1)
  - OCMockito (1.3.0):
    - OCHamcrest (~> 4.0)
    - TPWeakProxy (~> 1.0)
  - Primus (0.0.4):
    - Emitter
    - libextobjc/EXTScope
    - NSTimer-Blocks
    - Reachability
  - Reachability (3.1.1)
  - Specta (0.2.1)
  - TPWeakProxy (1.0.1)

DEPENDENCIES:
  - Emitter
  - Expecta
  - OCMockito
  - Primus
  - Specta

SPEC CHECKSUMS:
  BlocksKit: 4439e7f30a9f90743462ca63545a15c1f4304cef
  Emitter: c892463e3c64e43e4fac81fa829791d04512829c
  Expecta: 03aabd0a89d8dea843baecb19a7fd7466a69a31d
  libextobjc: d6146fce3ebea986b7f75fcb4c967639200b88b0
  NSTimer-Blocks: 0a653b84ab33068a085f5c03c82c18be1f61eba9
  OCHamcrest: b464725bbb48d0f1cd9c6f4ec3cb35fe0c4f2b94
  OCMockito: eca2670b3ce4a457d316b046a36d6f2b980a4da7
  Primus: 07f68999f581134f5763ca8380f1b9548907f4ce
  Reachability: 8e9635e3cb4f98e7f825e51147f677ecc694d0e7
  Specta: 9141310f46b1f68b676650ff2854e1ed0b74163a
  TPWeakProxy: da4177b6ae5eff685642c1cd9698f71ef7060ea5

COCOAPODS: 0.34.4
